// !$*UTF8*$!
{
	archiveVersion = 1;
	classes = {
	};
	objectVersion = 46;
	objects = {

/* Begin PBXBuildFile section */
		33733BE01D686104009B667A /* AppDelegate.swift in Sources */ = {isa = PBXBuildFile; fileRef = 33733BDF1D686104009B667A /* AppDelegate.swift */; };
		33733BE21D686104009B667A /* ViewController.swift in Sources */ = {isa = PBXBuildFile; fileRef = 33733BE11D686104009B667A /* ViewController.swift */; };
		33733BE51D686104009B667A /* Main.storyboard in Resources */ = {isa = PBXBuildFile; fileRef = 33733BE31D686104009B667A /* Main.storyboard */; };
		33733BE71D686104009B667A /* Assets.xcassets in Resources */ = {isa = PBXBuildFile; fileRef = 33733BE61D686104009B667A /* Assets.xcassets */; };
		33733BEA1D686104009B667A /* LaunchScreen.storyboard in Resources */ = {isa = PBXBuildFile; fileRef = 33733BE81D686104009B667A /* LaunchScreen.storyboard */; };
		33733BF31D68BB4A009B667A /* MySegmentControl.swift in Sources */ = {isa = PBXBuildFile; fileRef = 33733BF21D68BB4A009B667A /* MySegmentControl.swift */; };
		33733BF51D68C02C009B667A /* SegmentView.swift in Sources */ = {isa = PBXBuildFile; fileRef = 33733BF41D68C02C009B667A /* SegmentView.swift */; };
/* End PBXBuildFile section */

/* Begin PBXFileReference section */
		33733BDC1D686104009B667A /* SegmentControl.app */ = {isa = PBXFileReference; explicitFileType = wrapper.application; includeInIndex = 0; path = SegmentControl.app; sourceTree = BUILT_PRODUCTS_DIR; };
		33733BDF1D686104009B667A /* AppDelegate.swift */ = {isa = PBXFileReference; lastKnownFileType = sourcecode.swift; path = AppDelegate.swift; sourceTree = "<group>"; };
		33733BE11D686104009B667A /* ViewController.swift */ = {isa = PBXFileReference; lastKnownFileType = sourcecode.swift; path = ViewController.swift; sourceTree = "<group>"; };
		33733BE41D686104009B667A /* Base */ = {isa = PBXFileReference; lastKnownFileType = file.storyboard; name = Base; path = Base.lproj/Main.storyboard; sourceTree = "<group>"; };
		33733BE61D686104009B667A /* Assets.xcassets */ = {isa = PBXFileReference; lastKnownFileType = folder.assetcatalog; path = Assets.xcassets; sourceTree = "<group>"; };
		33733BE91D686104009B667A /* Base */ = {isa = PBXFileReference; lastKnownFileType = file.storyboard; name = Base; path = Base.lproj/LaunchScreen.storyboard; sourceTree = "<group>"; };
		33733BEB1D686104009B667A /* Info.plist */ = {isa = PBXFileReference; lastKnownFileType = text.plist.xml; path = Info.plist; sourceTree = "<group>"; };
		33733BF21D68BB4A009B667A /* MySegmentControl.swift */ = {isa = PBXFileReference; fileEncoding = 4; lastKnownFileType = sourcecode.swift; name = MySegmentControl.swift; path = MySegmentControl/MySegmentControl.swift; sourceTree = "<group>"; };
		33733BF41D68C02C009B667A /* SegmentView.swift */ = {isa = PBXFileReference; fileEncoding = 4; lastKnownFileType = sourcecode.swift; name = SegmentView.swift; path = MySegmentControl/SegmentView.swift; sourceTree = "<group>"; };
/* End PBXFileReference section */

/* Begin PBXFrameworksBuildPhase section */
		33733BD91D686104009B667A /* Frameworks */ = {
			isa = PBXFrameworksBuildPhase;
			buildActionMask = 2147483647;
			files = (
			);
			runOnlyForDeploymentPostprocessing = 0;
		};
/* End PBXFrameworksBuildPhase section */

/* Begin PBXGroup section */
		33733BD31D686104009B667A = {
			isa = PBXGroup;
			children = (
				33733BDE1D686104009B667A /* SegmentControl */,
				33733BDD1D686104009B667A /* Products */,
			);
			sourceTree = "<group>";
		};
		33733BDD1D686104009B667A /* Products */ = {
			isa = PBXGroup;
			children = (
				33733BDC1D686104009B667A /* SegmentControl.app */,
			);
			name = Products;
			sourceTree = "<group>";
		};
		33733BDE1D686104009B667A /* SegmentControl */ = {
			isa = PBXGroup;
			children = (
				33733BF11D68BABB009B667A /* MySegmentControl */,
				33733BDF1D686104009B667A /* AppDelegate.swift */,
				33733BE11D686104009B667A /* ViewController.swift */,
				33733BE31D686104009B667A /* Main.storyboard */,
				33733BE61D686104009B667A /* Assets.xcassets */,
				33733BE81D686104009B667A /* LaunchScreen.storyboard */,
				33733BEB1D686104009B667A /* Info.plist */,
			);
			path = SegmentControl;
			sourceTree = "<group>";
		};
		33733BF11D68BABB009B667A /* MySegmentControl */ = {
			isa = PBXGroup;
			children = (
				33733BF21D68BB4A009B667A /* MySegmentControl.swift */,
				33733BF41D68C02C009B667A /* SegmentView.swift */,
			);
			name = MySegmentControl;
			sourceTree = "<group>";
		};
/* End PBXGroup section */

/* Begin PBXNativeTarget section */
		33733BDB1D686104009B667A /* SegmentControl */ = {
			isa = PBXNativeTarget;
			buildConfigurationList = 33733BEE1D686104009B667A /* Build configuration list for PBXNativeTarget "SegmentControl" */;
			buildPhases = (
				33733BD81D686104009B667A /* Sources */,
				33733BD91D686104009B667A /* Frameworks */,
				33733BDA1D686104009B667A /* Resources */,
			);
			buildRules = (
			);
			dependencies = (
			);
			name = SegmentControl;
			productName = SegmentControl;
			productReference = 33733BDC1D686104009B667A /* SegmentControl.app */;
			productType = "com.apple.product-type.application";
		};
/* End PBXNativeTarget section */

/* Begin PBXProject section */
		33733BD41D686104009B667A /* Project object */ = {
			isa = PBXProject;
			attributes = {
				LastSwiftUpdateCheck = 0730;
				LastUpgradeCheck = 0730;
				ORGANIZATIONNAME = "Serge Nanaev";
				TargetAttributes = {
					33733BDB1D686104009B667A = {
						CreatedOnToolsVersion = 7.3.1;
					};
				};
			};
			buildConfigurationList = 33733BD71D686104009B667A /* Build configuration list for PBXProject "SegmentControl" */;
			compatibilityVersion = "Xcode 3.2";
			developmentRegion = English;
			hasScannedForEncodings = 0;
			knownRegions = (
				en,
				Base,
			);
			mainGroup = 33733BD31D686104009B667A;
			productRefGroup = 33733BDD1D686104009B667A /* Products */;
			projectDirPath = "";
			projectRoot = "";
			targets = (
				33733BDB1D686104009B667A /* SegmentControl */,
			);
		};
/* End PBXProject section */

/* Begin PBXResourcesBuildPhase section */
		33733BDA1D686104009B667A /* Resources */ = {
			isa = PBXResourcesBuildPhase;
			buildActionMask = 2147483647;
			files = (
				33733BEA1D686104009B667A /* LaunchScreen.storyboard in Resources */,
				33733BE71D686104009B667A /* Assets.xcassets in Resources */,
				33733BE51D686104009B667A /* Main.storyboard in Resources */,
			);
			runOnlyForDeploymentPostprocessing = 0;
		};
/* End PBXResourcesBuildPhase section */

/* Begin PBXSourcesBuildPhase section */
		33733BD81D686104009B667A /* Sources */ = {
			isa = PBXSourcesBuildPhase;
			buildActionMask = 2147483647;
			files = (
				33733BE21D686104009B667A /* ViewController.swift in Sources */,
				33733BE01D686104009B667A /* AppDelegate.swift in Sources */,
				33733BF51D68C02C009B667A /* SegmentView.swift in Sources */,
				33733BF31D68BB4A009B667A /* MySegmentControl.swift in Sources */,
			);
			runOnlyForDeploymentPostprocessing = 0;
		};
/* End PBXSourcesBuildPhase section */

/* Begin PBXVariantGroup section */
		33733BE31D686104009B667A /* Main.storyboard */ = {
			isa = PBXVariantGroup;
			children = (
				33733BE41D686104009B667A /* Base */,
			);
			name = Main.storyboard;
			sourceTree = "<group>";
		};
		33733BE81D686104009B667A /* LaunchScreen.storyboard */ = {
			isa = PBXVariantGroup;
			children = (
				33733BE91D686104009B667A /* Base */,
			);
			name = LaunchScreen.storyboard;
			sourceTree = "<group>";
		};
/* End PBXVariantGroup section */

/* Begin XCBuildConfiguration section */
		33733BEC1D686104009B667A /* Debug */ = {
			isa = XCBuildConfiguration;
			buildSettings = {
				ALWAYS_SEARCH_USER_PATHS = NO;
				CLANG_ANALYZER_NONNULL = YES;
				CLANG_CXX_LANGUAGE_STANDARD = "gnu++0x";
				CLANG_CXX_LIBRARY = "libc++";
				CLANG_ENABLE_MODULES = YES;
				CLANG_ENABLE_OBJC_ARC = YES;
				CLANG_WARN_BOOL_CONVERSION = YES;
				CLANG_WARN_CONSTANT_CONVERSION = YES;
				CLANG_WARN_DIRECT_OBJC_ISA_USAGE = YES_ERROR;
				CLANG_WARN_EMPTY_BODY = YES;
				CLANG_WARN_ENUM_CONVERSION = YES;
				CLANG_WARN_INT_CONVERSION = YES;
				CLANG_WARN_OBJC_ROOT_CLASS = YES_ERROR;
				CLANG_WARN_UNREACHABLE_CODE = YES;
				CLANG_WARN__DUPLICATE_METHOD_MATCH = YES;
				"CODE_SIGN_IDENTITY[sdk=iphoneos*]" = "iPhone Developer";
				COPY_PHASE_STRIP = NO;
				DEBUG_INFORMATION_FORMAT = dwarf;
				ENABLE_STRICT_OBJC_MSGSEND = YES;
				ENABLE_TESTABILITY = YES;
				GCC_C_LANGUAGE_STANDARD = gnu99;
				GCC_DYNAMIC_NO_PIC = NO;
				GCC_NO_COMMON_BLOCKS = YES;
				GCC_OPTIMIZATION_LEVEL = 0;
				GCC_PREPROCESSOR_DEFINITIONS = (
					"DEBUG=1",
					"$(inherited)",
				);
				GCC_WARN_64_TO_32_BIT_CONVERSION = YES;
				GCC_WARN_ABOUT_RETURN_TYPE = YES_ERROR;
				GCC_WARN_UNDECLARED_SELECTOR = YES;
				GCC_WARN_UNINITIALIZED_AUTOS = YES_AGGRESSIVE;
				GCC_WARN_UNUSED_FUNCTION = YES;
				GCC_WARN_UNUSED_VARIABLE = YES;
				IPHONEOS_DEPLOYMENT_TARGET = 9.3;
				MTL_ENABLE_DEBUG_INFO = YES;
				ONLY_ACTIVE_ARCH = YES;
				SDKROOT = iphoneos;
				SWIFT_OPTIMIZATION_LEVEL = "-Onone";
			};
			name = Debug;
		};
		33733BED1D686104009B667A /* Release */ = {
			isa = XCBuildConfiguration;
			buildSettings = {
				ALWAYS_SEARCH_USER_PATHS = NO;
				CLANG_ANALYZER_NONNULL = YES;
				CLANG_CXX_LANGUAGE_STANDARD = "gnu++0x";
				CLANG_CXX_LIBRARY = "libc++";
				CLANG_ENABLE_MODULES = YES;
				CLANG_ENABLE_OBJC_ARC = YES;
				CLANG_WARN_BOOL_CONVERSION = YES;
				CLANG_WARN_CONSTANT_CONVERSION = YES;
				CLANG_WARN_DIRECT_OBJC_ISA_USAGE = YES_ERROR;
				CLANG_WARN_EMPTY_BODY = YES;
				CLANG_WARN_ENUM_CONVERSION = YES;
				CLANG_WARN_INT_CONVERSION = YES;
				CLANG_WARN_OBJC_ROOT_CLASS = YES_ERROR;
				CLANG_WARN_UNREACHABLE_CODE = YES;
				CLANG_WARN__DUPLICATE_METHOD_MATCH = YES;
				"CODE_SIGN_IDENTITY[sdk=iphoneos*]" = "iPhone Developer";
				COPY_PHASE_STRIP = NO;
				DEBUG_INFORMATION_FORMAT = "dwarf-with-dsym";
				ENABLE_NS_ASSERTIONS = NO;
				ENABLE_STRICT_OBJC_MSGSEND = YES;
				GCC_C_LANGUAGE_STANDARD = gnu99;
				GCC_NO_COMMON_BLOCKS = YES;
				GCC_WARN_64_TO_32_BIT_CONVERSION = YES;
				GCC_WARN_ABOUT_RETURN_TYPE = YES_ERROR;
				GCC_WARN_UNDECLARED_SELECTOR = YES;
				GCC_WARN_UNINITIALIZED_AUTOS = YES_AGGRESSIVE;
				GCC_WARN_UNUSED_FUNCTION = YES;
				GCC_WARN_UNUSED_VARIABLE = YES;
				IPHONEOS_DEPLOYMENT_TARGET = 9.3;
				MTL_ENABLE_DEBUG_INFO = NO;
				SDKROOT = iphoneos;
				VALIDATE_PRODUCT = YES;
			};
			name = Release;
		};
		33733BEF1D686104009B667A /* Debug */ = {
			isa = XCBuildConfiguration;
			buildSettings = {
				ASSETCATALOG_COMPILER_APPICON_NAME = AppIcon;
				CODE_SIGN_IDENTITY = "";
				INFOPLIST_FILE = SegmentControl/Info.plist;
				LD_RUNPATH_SEARCH_PATHS = "$(inherited) @executable_path/Frameworks";
				PRODUCT_BUNDLE_IDENTIFIER = com.sn.SegmentControl;
				PRODUCT_NAME = "$(TARGET_NAME)";
			};
			name = Debug;
		};
		33733BF01D686104009B667A /* Release */ = {
			isa = XCBuildConfiguration;
			buildSettings = {
				ASSETCATALOG_COMPILER_APPICON_NAME = AppIcon;
				CODE_SIGN_IDENTITY = "";
				INFOPLIST_FILE = SegmentControl/Info.plist;
				LD_RUNPATH_SEARCH_PATHS = "$(inherited) @executable_path/Frameworks";
				PRODUCT_BUNDLE_IDENTIFIER = com.sn.SegmentControl;
				PRODUCT_NAME = "$(TARGET_NAME)";
			};
			name = Release;
		};
/* End XCBuildConfiguration section */

/* Begin XCConfigurationList section */
		33733BD71D686104009B667A /* Build configuration list for PBXProject "SegmentControl" */ = {
			isa = XCConfigurationList;
			buildConfigurations = (
				33733BEC1D686104009B667A /* Debug */,
				33733BED1D686104009B667A /* Release */,
			);
			defaultConfigurationIsVisible = 0;
			defaultConfigurationName = Release;
		};
		33733BEE1D686104009B667A /* Build configuration list for PBXNativeTarget "SegmentControl" */ = {
			isa = XCConfigurationList;
			buildConfigurations = (
				33733BEF1D686104009B667A /* Debug */,
				33733BF01D686104009B667A /* Release */,
			);
			defaultConfigurationIsVisible = 0;
			defaultConfigurationName = Release;
		};
/* End XCConfigurationList section */
	};
	rootObject = 33733BD41D686104009B667A /* Project object */;
}
